
Microsoft Visual Studio Solution File, Format Version 12.00
# Visual Studio 15
VisualStudioVersion = 15.0.27130.2024
MinimumVisualStudioVersion = 15.0.26124.0
Project("{2150E333-8FDC-42A3-9474-1A3956D46DE8}") = ".build", ".build", "{2B664350-E227-46B3-ABD9-BE8D00711336}"
	ProjectSection(SolutionItems) = preProject
		Directory.Build.props = Directory.Build.props
		Directory.Build.targets = Directory.Build.targets
		nuget.config = nuget.config
		..\Packages.props = ..\Packages.props
	EndProjectSection
EndProject
Project("{9A19103F-16F7-4668-BE54-9A1E7A4F7556}") = "ConsoleTester", "ConsoleTester\ConsoleTester.csproj", "{C4B754FA-27D5-4225-821B-F813DEB1CF4D}"
EndProject
Project("{9A19103F-16F7-4668-BE54-9A1E7A4F7556}") = "WebSolutionFile.DataAccess", "WebSolutionFile.DataAccess\WebSolutionFile.DataAccess.csproj", "{DCB7DF1E-A815-4D59-990B-3DDB64C26163}"
EndProject
Project("{9A19103F-16F7-4668-BE54-9A1E7A4F7556}") = "WebSolutionFile.Services", "WebSolutionFile.Services\WebSolutionFile.Services.csproj", "{4AC9523B-7FF8-44B8-BDD1-402F492EF481}"
EndProject
Project("{9A19103F-16F7-4668-BE54-9A1E7A4F7556}") = "WebSolutionFile.Features", "WebSolutionFile.Features\WebSolutionFile.Features.csproj", "{501DF980-6A28-4A29-A456-CC8EC0783D4B}"
EndProject
Project("{2150E333-8FDC-42A3-9474-1A3956D46DE8}") = "1. Api Layer", "1. Api Layer", "{5C982604-BA77-44D2-9BE1-956ABB302F13}"
EndProject
Project("{2150E333-8FDC-42A3-9474-1A3956D46DE8}") = "2. Services Layer", "2. Services Layer", "{D5C2EA22-166F-46DD-BDEB-9CEF0DECB1DE}"
EndProject
Project("{2150E333-8FDC-42A3-9474-1A3956D46DE8}") = "3. Data Access Layer", "3. Data Access Layer", "{638CC95A-ACAA-472F-A616-9865BC68CEE3}"
EndProject
Project("{2150E333-8FDC-42A3-9474-1A3956D46DE8}") = "4. Database Layer", "4. Database Layer", "{AB4160DA-9999-4520-9F1E-46B8C947A67C}"
EndProject
Project("{2150E333-8FDC-42A3-9474-1A3956D46DE8}") = "5. Developer Tools", "5. Developer Tools", "{91BE3A8A-1092-47B6-B772-5F76856E84AA}"
EndProject
Project("{FAE04EC0-301F-11D3-BF4B-00C04F79EFBC}") = "WebSolutionFile.WebApi", "WebSolutionFile.WebApi\WebSolutionFile.WebApi.csproj", "{69FF2C89-4E54-4876-A908-140EADC62FF7}"
EndProject
Project("{00D1A9C2-B5F0-4AF3-8072-F6C62B433612}") = "Database", "Database\Database.sqlproj", "{FB60407A-5744-4136-8243-6054FFF5EF70}"
EndProject
Project("{159641D6-6404-4A2A-AE62-294DE0FE8301}") = "IntegrationServices", "IntegrationServices\IntegrationServices.dtproj", "{08E954E6-CD40-4050-8865-E2538C8F1228}"
EndProject
Global
	GlobalSection(SolutionConfigurationPlatforms) = preSolution
		Debug|Any CPU = Debug|Any CPU
		Debug|Exp = Debug|Exp
		Debug|x64 = Debug|x64
		Debug|x86 = Debug|x86
		Development|Any CPU = Development|Any CPU
		Development|Exp = Development|Exp
		Development|x64 = Development|x64
		Development|x86 = Development|x86
		Exp|Any CPU = Exp|Any CPU
		Exp|Exp = Exp|Exp
		Exp|x64 = Exp|x64
		Exp|x86 = Exp|x86
		Release|Any CPU = Release|Any CPU
		Release|Exp = Release|Exp
		Release|x64 = Release|x64
		Release|x86 = Release|x86
	EndGlobalSection
	GlobalSection(ProjectConfigurationPlatforms) = postSolution
		{C4B754FA-27D5-4225-821B-F813DEB1CF4D}.Debug|Any CPU.ActiveCfg = Debug|Any CPU
		{C4B754FA-27D5-4225-821B-F813DEB1CF4D}.Debug|Any CPU.Build.0 = Debug|Any CPU
		{C4B754FA-27D5-4225-821B-F813DEB1CF4D}.Debug|Exp.ActiveCfg = Debug|Any CPU
		{C4B754FA-27D5-4225-821B-F813DEB1CF4D}.Debug|Exp.Build.0 = Debug|Any CPU
		{C4B754FA-27D5-4225-821B-F813DEB1CF4D}.Debug|x64.ActiveCfg = Debug|Any CPU
		{C4B754FA-27D5-4225-821B-F813DEB1CF4D}.Debug|x64.Build.0 = Debug|Any CPU
		{C4B754FA-27D5-4225-821B-F813DEB1CF4D}.Debug|x86.ActiveCfg = Debug|Any CPU
		{C4B754FA-27D5-4225-821B-F813DEB1CF4D}.Debug|x86.Build.0 = Debug|Any CPU
		{C4B754FA-27D5-4225-821B-F813DEB1CF4D}.Development|Any CPU.ActiveCfg = Debug|Any CPU
		{C4B754FA-27D5-4225-821B-F813DEB1CF4D}.Development|Any CPU.Build.0 = Debug|Any CPU
		{C4B754FA-27D5-4225-821B-F813DEB1CF4D}.Development|Exp.ActiveCfg = Debug|Any CPU
		{C4B754FA-27D5-4225-821B-F813DEB1CF4D}.Development|Exp.Build.0 = Debug|Any CPU
		{C4B754FA-27D5-4225-821B-F813DEB1CF4D}.Development|x64.ActiveCfg = Debug|Any CPU
		{C4B754FA-27D5-4225-821B-F813DEB1CF4D}.Development|x64.Build.0 = Debug|Any CPU
		{C4B754FA-27D5-4225-821B-F813DEB1CF4D}.Development|x86.ActiveCfg = Debug|Any CPU
		{C4B754FA-27D5-4225-821B-F813DEB1CF4D}.Development|x86.Build.0 = Debug|Any CPU
		{C4B754FA-27D5-4225-821B-F813DEB1CF4D}.Exp|Any CPU.ActiveCfg = Release|Any CPU
		{C4B754FA-27D5-4225-821B-F813DEB1CF4D}.Exp|Any CPU.Build.0 = Release|Any CPU
		{C4B754FA-27D5-4225-821B-F813DEB1CF4D}.Exp|Exp.ActiveCfg = Release|Any CPU
		{C4B754FA-27D5-4225-821B-F813DEB1CF4D}.Exp|Exp.Build.0 = Release|Any CPU
		{C4B754FA-27D5-4225-821B-F813DEB1CF4D}.Exp|x64.ActiveCfg = Release|Any CPU
		{C4B754FA-27D5-4225-821B-F813DEB1CF4D}.Exp|x64.Build.0 = Release|Any CPU
		{C4B754FA-27D5-4225-821B-F813DEB1CF4D}.Exp|x86.ActiveCfg = Release|Any CPU
		{C4B754FA-27D5-4225-821B-F813DEB1CF4D}.Exp|x86.Build.0 = Release|Any CPU
		{C4B754FA-27D5-4225-821B-F813DEB1CF4D}.Release|Any CPU.ActiveCfg = Release|Any CPU
		{C4B754FA-27D5-4225-821B-F813DEB1CF4D}.Release|Any CPU.Build.0 = Release|Any CPU
		{C4B754FA-27D5-4225-821B-F813DEB1CF4D}.Release|Exp.ActiveCfg = Release|Any CPU
		{C4B754FA-27D5-4225-821B-F813DEB1CF4D}.Release|Exp.Build.0 = Release|Any CPU
		{C4B754FA-27D5-4225-821B-F813DEB1CF4D}.Release|x64.ActiveCfg = Release|Any CPU
		{C4B754FA-27D5-4225-821B-F813DEB1CF4D}.Release|x64.Build.0 = Release|Any CPU
		{C4B754FA-27D5-4225-821B-F813DEB1CF4D}.Release|x86.ActiveCfg = Release|Any CPU
		{C4B754FA-27D5-4225-821B-F813DEB1CF4D}.Release|x86.Build.0 = Release|Any CPU
		{DCB7DF1E-A815-4D59-990B-3DDB64C26163}.Debug|Any CPU.ActiveCfg = Debug|Any CPU
		{DCB7DF1E-A815-4D59-990B-3DDB64C26163}.Debug|Any CPU.Build.0 = Debug|Any CPU
		{DCB7DF1E-A815-4D59-990B-3DDB64C26163}.Debug|Exp.ActiveCfg = Debug|Any CPU
		{DCB7DF1E-A815-4D59-990B-3DDB64C26163}.Debug|Exp.Build.0 = Debug|Any CPU
		{DCB7DF1E-A815-4D59-990B-3DDB64C26163}.Debug|x64.ActiveCfg = Debug|Any CPU
		{DCB7DF1E-A815-4D59-990B-3DDB64C26163}.Debug|x64.Build.0 = Debug|Any CPU
		{DCB7DF1E-A815-4D59-990B-3DDB64C26163}.Debug|x86.ActiveCfg = Debug|Any CPU
		{DCB7DF1E-A815-4D59-990B-3DDB64C26163}.Debug|x86.Build.0 = Debug|Any CPU
		{DCB7DF1E-A815-4D59-990B-3DDB64C26163}.Development|Any CPU.ActiveCfg = Debug|Any CPU
		{DCB7DF1E-A815-4D59-990B-3DDB64C26163}.Development|Any CPU.Build.0 = Debug|Any CPU
		{DCB7DF1E-A815-4D59-990B-3DDB64C26163}.Development|Exp.ActiveCfg = Debug|Any CPU
		{DCB7DF1E-A815-4D59-990B-3DDB64C26163}.Development|Exp.Build.0 = Debug|Any CPU
		{DCB7DF1E-A815-4D59-990B-3DDB64C26163}.Development|x64.ActiveCfg = Debug|Any CPU
		{DCB7DF1E-A815-4D59-990B-3DDB64C26163}.Development|x64.Build.0 = Debug|Any CPU
		{DCB7DF1E-A815-4D59-990B-3DDB64C26163}.Development|x86.ActiveCfg = Debug|Any CPU
		{DCB7DF1E-A815-4D59-990B-3DDB64C26163}.Development|x86.Build.0 = Debug|Any CPU
		{DCB7DF1E-A815-4D59-990B-3DDB64C26163}.Exp|Any CPU.ActiveCfg = Release|Any CPU
		{DCB7DF1E-A815-4D59-990B-3DDB64C26163}.Exp|Any CPU.Build.0 = Release|Any CPU
		{DCB7DF1E-A815-4D59-990B-3DDB64C26163}.Exp|Exp.ActiveCfg = Release|Any CPU
		{DCB7DF1E-A815-4D59-990B-3DDB64C26163}.Exp|Exp.Build.0 = Release|Any CPU
		{DCB7DF1E-A815-4D59-990B-3DDB64C26163}.Exp|x64.ActiveCfg = Release|Any CPU
		{DCB7DF1E-A815-4D59-990B-3DDB64C26163}.Exp|x64.Build.0 = Release|Any CPU
		{DCB7DF1E-A815-4D59-990B-3DDB64C26163}.Exp|x86.ActiveCfg = Release|Any CPU
		{DCB7DF1E-A815-4D59-990B-3DDB64C26163}.Exp|x86.Build.0 = Release|Any CPU
		{DCB7DF1E-A815-4D59-990B-3DDB64C26163}.Release|Any CPU.ActiveCfg = Release|Any CPU
		{DCB7DF1E-A815-4D59-990B-3DDB64C26163}.Release|Any CPU.Build.0 = Release|Any CPU
		{DCB7DF1E-A815-4D59-990B-3DDB64C26163}.Release|Exp.ActiveCfg = Release|Any CPU
		{DCB7DF1E-A815-4D59-990B-3DDB64C26163}.Release|Exp.Build.0 = Release|Any CPU
		{DCB7DF1E-A815-4D59-990B-3DDB64C26163}.Release|x64.ActiveCfg = Release|Any CPU
		{DCB7DF1E-A815-4D59-990B-3DDB64C26163}.Release|x64.Build.0 = Release|Any CPU
		{DCB7DF1E-A815-4D59-990B-3DDB64C26163}.Release|x86.ActiveCfg = Release|Any CPU
		{DCB7DF1E-A815-4D59-990B-3DDB64C26163}.Release|x86.Build.0 = Release|Any CPU
		{4AC9523B-7FF8-44B8-BDD1-402F492EF481}.Debug|Any CPU.ActiveCfg = Debug|Any CPU
		{4AC9523B-7FF8-44B8-BDD1-402F492EF481}.Debug|Any CPU.Build.0 = Debug|Any CPU
		{4AC9523B-7FF8-44B8-BDD1-402F492EF481}.Debug|Exp.ActiveCfg = Debug|Any CPU
		{4AC9523B-7FF8-44B8-BDD1-402F492EF481}.Debug|Exp.Build.0 = Debug|Any CPU
		{4AC9523B-7FF8-44B8-BDD1-402F492EF481}.Debug|x64.ActiveCfg = Debug|Any CPU
		{4AC9523B-7FF8-44B8-BDD1-402F492EF481}.Debug|x64.Build.0 = Debug|Any CPU
		{4AC9523B-7FF8-44B8-BDD1-402F492EF481}.Debug|x86.ActiveCfg = Debug|Any CPU
		{4AC9523B-7FF8-44B8-BDD1-402F492EF481}.Debug|x86.Build.0 = Debug|Any CPU
		{4AC9523B-7FF8-44B8-BDD1-402F492EF481}.Development|Any CPU.ActiveCfg = Debug|Any CPU
		{4AC9523B-7FF8-44B8-BDD1-402F492EF481}.Development|Any CPU.Build.0 = Debug|Any CPU
		{4AC9523B-7FF8-44B8-BDD1-402F492EF481}.Development|Exp.ActiveCfg = Debug|Any CPU
		{4AC9523B-7FF8-44B8-BDD1-402F492EF481}.Development|Exp.Build.0 = Debug|Any CPU
		{4AC9523B-7FF8-44B8-BDD1-402F492EF481}.Development|x64.ActiveCfg = Debug|Any CPU
		{4AC9523B-7FF8-44B8-BDD1-402F492EF481}.Development|x64.Build.0 = Debug|Any CPU
		{4AC9523B-7FF8-44B8-BDD1-402F492EF481}.Development|x86.ActiveCfg = Debug|Any CPU
		{4AC9523B-7FF8-44B8-BDD1-402F492EF481}.Development|x86.Build.0 = Debug|Any CPU
		{4AC9523B-7FF8-44B8-BDD1-402F492EF481}.Exp|Any CPU.ActiveCfg = Release|Any CPU
		{4AC9523B-7FF8-44B8-BDD1-402F492EF481}.Exp|Any CPU.Build.0 = Release|Any CPU
		{4AC9523B-7FF8-44B8-BDD1-402F492EF481}.Exp|Exp.ActiveCfg = Release|Any CPU
		{4AC9523B-7FF8-44B8-BDD1-402F492EF481}.Exp|Exp.Build.0 = Release|Any CPU
		{4AC9523B-7FF8-44B8-BDD1-402F492EF481}.Exp|x64.ActiveCfg = Release|Any CPU
		{4AC9523B-7FF8-44B8-BDD1-402F492EF481}.Exp|x64.Build.0 = Release|Any CPU
		{4AC9523B-7FF8-44B8-BDD1-402F492EF481}.Exp|x86.ActiveCfg = Release|Any CPU
		{4AC9523B-7FF8-44B8-BDD1-402F492EF481}.Exp|x86.Build.0 = Release|Any CPU
		{4AC9523B-7FF8-44B8-BDD1-402F492EF481}.Release|Any CPU.ActiveCfg = Release|Any CPU
		{4AC9523B-7FF8-44B8-BDD1-402F492EF481}.Release|Any CPU.Build.0 = Release|Any CPU
		{4AC9523B-7FF8-44B8-BDD1-402F492EF481}.Release|Exp.ActiveCfg = Release|Any CPU
		{4AC9523B-7FF8-44B8-BDD1-402F492EF481}.Release|Exp.Build.0 = Release|Any CPU
		{4AC9523B-7FF8-44B8-BDD1-402F492EF481}.Release|x64.ActiveCfg = Release|Any CPU
		{4AC9523B-7FF8-44B8-BDD1-402F492EF481}.Release|x64.Build.0 = Release|Any CPU
		{4AC9523B-7FF8-44B8-BDD1-402F492EF481}.Release|x86.ActiveCfg = Release|Any CPU
		{4AC9523B-7FF8-44B8-BDD1-402F492EF481}.Release|x86.Build.0 = Release|Any CPU
		{501DF980-6A28-4A29-A456-CC8EC0783D4B}.Debug|Any CPU.ActiveCfg = Debug|Any CPU
		{501DF980-6A28-4A29-A456-CC8EC0783D4B}.Debug|Any CPU.Build.0 = Debug|Any CPU
		{501DF980-6A28-4A29-A456-CC8EC0783D4B}.Debug|Exp.ActiveCfg = Debug|Any CPU
		{501DF980-6A28-4A29-A456-CC8EC0783D4B}.Debug|Exp.Build.0 = Debug|Any CPU
		{501DF980-6A28-4A29-A456-CC8EC0783D4B}.Debug|x64.ActiveCfg = Debug|Any CPU
		{501DF980-6A28-4A29-A456-CC8EC0783D4B}.Debug|x64.Build.0 = Debug|Any CPU
		{501DF980-6A28-4A29-A456-CC8EC0783D4B}.Debug|x86.ActiveCfg = Debug|Any CPU
		{501DF980-6A28-4A29-A456-CC8EC0783D4B}.Debug|x86.Build.0 = Debug|Any CPU
		{501DF980-6A28-4A29-A456-CC8EC0783D4B}.Development|Any CPU.ActiveCfg = Debug|Any CPU
		{501DF980-6A28-4A29-A456-CC8EC0783D4B}.Development|Any CPU.Build.0 = Debug|Any CPU
		{501DF980-6A28-4A29-A456-CC8EC0783D4B}.Development|Exp.ActiveCfg = Debug|Any CPU
		{501DF980-6A28-4A29-A456-CC8EC0783D4B}.Development|Exp.Build.0 = Debug|Any CPU
		{501DF980-6A28-4A29-A456-CC8EC0783D4B}.Development|x64.ActiveCfg = Debug|Any CPU
		{501DF980-6A28-4A29-A456-CC8EC0783D4B}.Development|x64.Build.0 = Debug|Any CPU
		{501DF980-6A28-4A29-A456-CC8EC0783D4B}.Development|x86.ActiveCfg = Debug|Any CPU
		{501DF980-6A28-4A29-A456-CC8EC0783D4B}.Development|x86.Build.0 = Debug|Any CPU
		{501DF980-6A28-4A29-A456-CC8EC0783D4B}.Exp|Any CPU.ActiveCfg = Release|Any CPU
		{501DF980-6A28-4A29-A456-CC8EC0783D4B}.Exp|Any CPU.Build.0 = Release|Any CPU
		{501DF980-6A28-4A29-A456-CC8EC0783D4B}.Exp|Exp.ActiveCfg = Release|Any CPU
		{501DF980-6A28-4A29-A456-CC8EC0783D4B}.Exp|Exp.Build.0 = Release|Any CPU
		{501DF980-6A28-4A29-A456-CC8EC0783D4B}.Exp|x64.ActiveCfg = Release|Any CPU
		{501DF980-6A28-4A29-A456-CC8EC0783D4B}.Exp|x64.Build.0 = Release|Any CPU
		{501DF980-6A28-4A29-A456-CC8EC0783D4B}.Exp|x86.ActiveCfg = Release|Any CPU
		{501DF980-6A28-4A29-A456-CC8EC0783D4B}.Exp|x86.Build.0 = Release|Any CPU
		{501DF980-6A28-4A29-A456-CC8EC0783D4B}.Release|Any CPU.ActiveCfg = Release|Any CPU
		{501DF980-6A28-4A29-A456-CC8EC0783D4B}.Release|Any CPU.Build.0 = Release|Any CPU
		{501DF980-6A28-4A29-A456-CC8EC0783D4B}.Release|Exp.ActiveCfg = Release|Any CPU
		{501DF980-6A28-4A29-A456-CC8EC0783D4B}.Release|Exp.Build.0 = Release|Any CPU
		{501DF980-6A28-4A29-A456-CC8EC0783D4B}.Release|x64.ActiveCfg = Release|Any CPU
		{501DF980-6A28-4A29-A456-CC8EC0783D4B}.Release|x64.Build.0 = Release|Any CPU
		{501DF980-6A28-4A29-A456-CC8EC0783D4B}.Release|x86.ActiveCfg = Release|Any CPU
		{501DF980-6A28-4A29-A456-CC8EC0783D4B}.Release|x86.Build.0 = Release|Any CPU
		{69FF2C89-4E54-4876-A908-140EADC62FF7}.Debug|Any CPU.ActiveCfg = Debug|Any CPU
		{69FF2C89-4E54-4876-A908-140EADC62FF7}.Debug|Any CPU.Build.0 = Debug|Any CPU
		{69FF2C89-4E54-4876-A908-140EADC62FF7}.Debug|Exp.ActiveCfg = Debug|Any CPU
		{69FF2C89-4E54-4876-A908-140EADC62FF7}.Debug|Exp.Build.0 = Debug|Any CPU
		{69FF2C89-4E54-4876-A908-140EADC62FF7}.Debug|x64.ActiveCfg = Debug|Any CPU
		{69FF2C89-4E54-4876-A908-140EADC62FF7}.Debug|x64.Build.0 = Debug|Any CPU
		{69FF2C89-4E54-4876-A908-140EADC62FF7}.Debug|x86.ActiveCfg = Debug|Any CPU
		{69FF2C89-4E54-4876-A908-140EADC62FF7}.Debug|x86.Build.0 = Debug|Any CPU
		{69FF2C89-4E54-4876-A908-140EADC62FF7}.Development|Any CPU.ActiveCfg = Debug|Any CPU
		{69FF2C89-4E54-4876-A908-140EADC62FF7}.Development|Any CPU.Build.0 = Debug|Any CPU
		{69FF2C89-4E54-4876-A908-140EADC62FF7}.Development|Exp.ActiveCfg = Debug|Any CPU
		{69FF2C89-4E54-4876-A908-140EADC62FF7}.Development|Exp.Build.0 = Debug|Any CPU
		{69FF2C89-4E54-4876-A908-140EADC62FF7}.Development|x64.ActiveCfg = Debug|Any CPU
		{69FF2C89-4E54-4876-A908-140EADC62FF7}.Development|x64.Build.0 = Debug|Any CPU
		{69FF2C89-4E54-4876-A908-140EADC62FF7}.Development|x86.ActiveCfg = Debug|Any CPU
		{69FF2C89-4E54-4876-A908-140EADC62FF7}.Development|x86.Build.0 = Debug|Any CPU
		{69FF2C89-4E54-4876-A908-140EADC62FF7}.Exp|Any CPU.ActiveCfg = Release|Any CPU
		{69FF2C89-4E54-4876-A908-140EADC62FF7}.Exp|Any CPU.Build.0 = Release|Any CPU
		{69FF2C89-4E54-4876-A908-140EADC62FF7}.Exp|Exp.ActiveCfg = Release|Any CPU
		{69FF2C89-4E54-4876-A908-140EADC62FF7}.Exp|Exp.Build.0 = Release|Any CPU
		{69FF2C89-4E54-4876-A908-140EADC62FF7}.Exp|x64.ActiveCfg = Release|Any CPU
		{69FF2C89-4E54-4876-A908-140EADC62FF7}.Exp|x64.Build.0 = Release|Any CPU
		{69FF2C89-4E54-4876-A908-140EADC62FF7}.Exp|x86.ActiveCfg = Release|Any CPU
		{69FF2C89-4E54-4876-A908-140EADC62FF7}.Exp|x86.Build.0 = Release|Any CPU
		{69FF2C89-4E54-4876-A908-140EADC62FF7}.Release|Any CPU.ActiveCfg = Release|Any CPU
		{69FF2C89-4E54-4876-A908-140EADC62FF7}.Release|Any CPU.Build.0 = Release|Any CPU
		{69FF2C89-4E54-4876-A908-140EADC62FF7}.Release|Exp.ActiveCfg = Release|Any CPU
		{69FF2C89-4E54-4876-A908-140EADC62FF7}.Release|Exp.Build.0 = Release|Any CPU
		{69FF2C89-4E54-4876-A908-140EADC62FF7}.Release|x64.ActiveCfg = Release|Any CPU
		{69FF2C89-4E54-4876-A908-140EADC62FF7}.Release|x64.Build.0 = Release|Any CPU
		{69FF2C89-4E54-4876-A908-140EADC62FF7}.Release|x86.ActiveCfg = Release|Any CPU
		{69FF2C89-4E54-4876-A908-140EADC62FF7}.Release|x86.Build.0 = Release|Any CPU
		{FB60407A-5744-4136-8243-6054FFF5EF70}.Debug|Any CPU.ActiveCfg = Debug|Any CPU
		{FB60407A-5744-4136-8243-6054FFF5EF70}.Debug|Any CPU.Build.0 = Debug|Any CPU
		{FB60407A-5744-4136-8243-6054FFF5EF70}.Debug|Any CPU.Deploy.0 = Debug|Any CPU
		{FB60407A-5744-4136-8243-6054FFF5EF70}.Debug|Exp.ActiveCfg = Debug|Any CPU
		{FB60407A-5744-4136-8243-6054FFF5EF70}.Debug|Exp.Build.0 = Debug|Any CPU
		{FB60407A-5744-4136-8243-6054FFF5EF70}.Debug|Exp.Deploy.0 = Debug|Any CPU
		{FB60407A-5744-4136-8243-6054FFF5EF70}.Debug|x64.ActiveCfg = Debug|Any CPU
		{FB60407A-5744-4136-8243-6054FFF5EF70}.Debug|x64.Build.0 = Debug|Any CPU
		{FB60407A-5744-4136-8243-6054FFF5EF70}.Debug|x64.Deploy.0 = Debug|Any CPU
		{FB60407A-5744-4136-8243-6054FFF5EF70}.Debug|x86.ActiveCfg = Debug|Any CPU
		{FB60407A-5744-4136-8243-6054FFF5EF70}.Debug|x86.Build.0 = Debug|Any CPU
		{FB60407A-5744-4136-8243-6054FFF5EF70}.Debug|x86.Deploy.0 = Debug|Any CPU
		{FB60407A-5744-4136-8243-6054FFF5EF70}.Development|Any CPU.ActiveCfg = Debug|Any CPU
		{FB60407A-5744-4136-8243-6054FFF5EF70}.Development|Any CPU.Build.0 = Debug|Any CPU
		{FB60407A-5744-4136-8243-6054FFF5EF70}.Development|Any CPU.Deploy.0 = Debug|Any CPU
		{FB60407A-5744-4136-8243-6054FFF5EF70}.Development|Exp.ActiveCfg = Debug|Any CPU
		{FB60407A-5744-4136-8243-6054FFF5EF70}.Development|Exp.Build.0 = Debug|Any CPU
		{FB60407A-5744-4136-8243-6054FFF5EF70}.Development|Exp.Deploy.0 = Debug|Any CPU
		{FB60407A-5744-4136-8243-6054FFF5EF70}.Development|x64.ActiveCfg = Debug|Any CPU
		{FB60407A-5744-4136-8243-6054FFF5EF70}.Development|x64.Build.0 = Debug|Any CPU
		{FB60407A-5744-4136-8243-6054FFF5EF70}.Development|x64.Deploy.0 = Debug|Any CPU
		{FB60407A-5744-4136-8243-6054FFF5EF70}.Development|x86.ActiveCfg = Debug|Any CPU
		{FB60407A-5744-4136-8243-6054FFF5EF70}.Development|x86.Build.0 = Debug|Any CPU
		{FB60407A-5744-4136-8243-6054FFF5EF70}.Development|x86.Deploy.0 = Debug|Any CPU
		{FB60407A-5744-4136-8243-6054FFF5EF70}.Exp|Any CPU.ActiveCfg = Exp|Any CPU
		{FB60407A-5744-4136-8243-6054FFF5EF70}.Exp|Any CPU.Build.0 = Exp|Any CPU
		{FB60407A-5744-4136-8243-6054FFF5EF70}.Exp|Any CPU.Deploy.0 = Exp|Any CPU
		{FB60407A-5744-4136-8243-6054FFF5EF70}.Exp|Exp.ActiveCfg = Exp|Any CPU
		{FB60407A-5744-4136-8243-6054FFF5EF70}.Exp|Exp.Build.0 = Exp|Any CPU
		{FB60407A-5744-4136-8243-6054FFF5EF70}.Exp|Exp.Deploy.0 = Exp|Any CPU
		{FB60407A-5744-4136-8243-6054FFF5EF70}.Exp|x64.ActiveCfg = Exp|Any CPU
		{FB60407A-5744-4136-8243-6054FFF5EF70}.Exp|x64.Build.0 = Exp|Any CPU
		{FB60407A-5744-4136-8243-6054FFF5EF70}.Exp|x64.Deploy.0 = Exp|Any CPU
		{FB60407A-5744-4136-8243-6054FFF5EF70}.Exp|x86.ActiveCfg = Exp|Any CPU
		{FB60407A-5744-4136-8243-6054FFF5EF70}.Exp|x86.Build.0 = Exp|Any CPU
		{FB60407A-5744-4136-8243-6054FFF5EF70}.Exp|x86.Deploy.0 = Exp|Any CPU
		{FB60407A-5744-4136-8243-6054FFF5EF70}.Release|Any CPU.ActiveCfg = Release|Any CPU
		{FB60407A-5744-4136-8243-6054FFF5EF70}.Release|Any CPU.Build.0 = Release|Any CPU
		{FB60407A-5744-4136-8243-6054FFF5EF70}.Release|Any CPU.Deploy.0 = Release|Any CPU
		{FB60407A-5744-4136-8243-6054FFF5EF70}.Release|Exp.ActiveCfg = Release|Any CPU
		{FB60407A-5744-4136-8243-6054FFF5EF70}.Release|Exp.Build.0 = Release|Any CPU
		{FB60407A-5744-4136-8243-6054FFF5EF70}.Release|Exp.Deploy.0 = Release|Any CPU
		{FB60407A-5744-4136-8243-6054FFF5EF70}.Release|x64.ActiveCfg = Release|Any CPU
		{FB60407A-5744-4136-8243-6054FFF5EF70}.Release|x64.Build.0 = Release|Any CPU
		{FB60407A-5744-4136-8243-6054FFF5EF70}.Release|x64.Deploy.0 = Release|Any CPU
		{FB60407A-5744-4136-8243-6054FFF5EF70}.Release|x86.ActiveCfg = Release|Any CPU
		{FB60407A-5744-4136-8243-6054FFF5EF70}.Release|x86.Build.0 = Release|Any CPU
		{FB60407A-5744-4136-8243-6054FFF5EF70}.Release|x86.Deploy.0 = Release|Any CPU
		{08E954E6-CD40-4050-8865-E2538C8F1228}.Debug|Any CPU.ActiveCfg = Development
		{08E954E6-CD40-4050-8865-E2538C8F1228}.Debug|Any CPU.Build.0 = Development
		{08E954E6-CD40-4050-8865-E2538C8F1228}.Debug|Exp.ActiveCfg = Development
		{08E954E6-CD40-4050-8865-E2538C8F1228}.Debug|Exp.Build.0 = Development
		{08E954E6-CD40-4050-8865-E2538C8F1228}.Debug|x64.ActiveCfg = Development
		{08E954E6-CD40-4050-8865-E2538C8F1228}.Debug|x64.Build.0 = Development
		{08E954E6-CD40-4050-8865-E2538C8F1228}.Debug|x86.ActiveCfg = Development
		{08E954E6-CD40-4050-8865-E2538C8F1228}.Debug|x86.Build.0 = Development
		{08E954E6-CD40-4050-8865-E2538C8F1228}.Development|Any CPU.ActiveCfg = Development
		{08E954E6-CD40-4050-8865-E2538C8F1228}.Development|Any CPU.Build.0 = Development
		{08E954E6-CD40-4050-8865-E2538C8F1228}.Development|Exp.ActiveCfg = Development
		{08E954E6-CD40-4050-8865-E2538C8F1228}.Development|Exp.Build.0 = Development
		{08E954E6-CD40-4050-8865-E2538C8F1228}.Development|x64.ActiveCfg = Development
		{08E954E6-CD40-4050-8865-E2538C8F1228}.Development|x64.Build.0 = Development
		{08E954E6-CD40-4050-8865-E2538C8F1228}.Development|x86.ActiveCfg = Development
		{08E954E6-CD40-4050-8865-E2538C8F1228}.Development|x86.Build.0 = Development
		{08E954E6-CD40-4050-8865-E2538C8F1228}.Exp|Any CPU.ActiveCfg = Development
		{08E954E6-CD40-4050-8865-E2538C8F1228}.Exp|Any CPU.Build.0 = Development
		{08E954E6-CD40-4050-8865-E2538C8F1228}.Exp|Exp.ActiveCfg = Development
		{08E954E6-CD40-4050-8865-E2538C8F1228}.Exp|Exp.Build.0 = Development
		{08E954E6-CD40-4050-8865-E2538C8F1228}.Exp|x64.ActiveCfg = Development
		{08E954E6-CD40-4050-8865-E2538C8F1228}.Exp|x64.Build.0 = Development
		{08E954E6-CD40-4050-8865-E2538C8F1228}.Exp|x86.ActiveCfg = Development
		{08E954E6-CD40-4050-8865-E2538C8F1228}.Exp|x86.Build.0 = Development
		{08E954E6-CD40-4050-8865-E2538C8F1228}.Release|Any CPU.ActiveCfg = Development
		{08E954E6-CD40-4050-8865-E2538C8F1228}.Release|Any CPU.Build.0 = Development
		{08E954E6-CD40-4050-8865-E2538C8F1228}.Release|Exp.ActiveCfg = Development
		{08E954E6-CD40-4050-8865-E2538C8F1228}.Release|Exp.Build.0 = Development
		{08E954E6-CD40-4050-8865-E2538C8F1228}.Release|x64.ActiveCfg = Development
		{08E954E6-CD40-4050-8865-E2538C8F1228}.Release|x64.Build.0 = Development
		{08E954E6-CD40-4050-8865-E2538C8F1228}.Release|x86.ActiveCfg = Development
		{08E954E6-CD40-4050-8865-E2538C8F1228}.Release|x86.Build.0 = Development
	EndGlobalSection
	GlobalSection(SolutionProperties) = preSolution
		HideSolutionNode = FALSE
	EndGlobalSection
	GlobalSection(NestedProjects) = preSolution
		{C4B754FA-27D5-4225-821B-F813DEB1CF4D} = {91BE3A8A-1092-47B6-B772-5F76856E84AA}
		{DCB7DF1E-A815-4D59-990B-3DDB64C26163} = {638CC95A-ACAA-472F-A616-9865BC68CEE3}
		{4AC9523B-7FF8-44B8-BDD1-402F492EF481} = {D5C2EA22-166F-46DD-BDEB-9CEF0DECB1DE}
		{501DF980-6A28-4A29-A456-CC8EC0783D4B} = {D5C2EA22-166F-46DD-BDEB-9CEF0DECB1DE}
		{69FF2C89-4E54-4876-A908-140EADC62FF7} = {5C982604-BA77-44D2-9BE1-956ABB302F13}
		{FB60407A-5744-4136-8243-6054FFF5EF70} = {AB4160DA-9999-4520-9F1E-46B8C947A67C}
		{08E954E6-CD40-4050-8865-E2538C8F1228} = {AB4160DA-9999-4520-9F1E-46B8C947A67C}
	EndGlobalSection
	GlobalSection(ExtensibilityGlobals) = postSolution
		SolutionGuid = {A7A4EA60-E5A2-40D5-9E8D-0AB28E23A115}
	EndGlobalSection
EndGlobal
