
Microsoft Visual Studio Solution File, Format Version 12.00
# Visual Studio 15
VisualStudioVersion = 15.0.27130.2024
MinimumVisualStudioVersion = 15.0.26124.0
Project("{2150E333-8FDC-42A3-9474-1A3956D46DE8}") = ".build", ".build", "{2B664350-E227-46B3-ABD9-BE8D00711336}"
	ProjectSection(SolutionItems) = preProject
		Directory.Build.props = Directory.Build.props
		Directory.Build.targets = Directory.Build.targets
		nuget.config = nuget.config
		..\Packages.props = ..\Packages.props
	EndProjectSection
EndProject
Project("{9A19103F-16F7-4668-BE54-9A1E7A4F7556}") = "ConsoleTester", "ConsoleTester\ConsoleTester.csproj", "{C4B754FA-27D5-4225-821B-F813DEB1CF4D}"
EndProject
Project("{9A19103F-16F7-4668-BE54-9A1E7A4F7556}") = "WebSolutionCoreFile.DataAccess", "WebSolutionCoreFile.DataAccess\WebSolutionCoreFile.DataAccess.csproj", "{DCB7DF1E-A815-4D59-990B-3DDB64C26163}"
EndProject
Project("{9A19103F-16F7-4668-BE54-9A1E7A4F7556}") = "WebSolutionCoreFile.Services", "WebSolutionCoreFile.Services\WebSolutionCoreFile.Services.csproj", "{4AC9523B-7FF8-44B8-BDD1-402F492EF481}"
EndProject
Project("{9A19103F-16F7-4668-BE54-9A1E7A4F7556}") = "WebSolutionCoreFile.Features", "WebSolutionCoreFile.Features\WebSolutionCoreFile.Features.csproj", "{501DF980-6A28-4A29-A456-CC8EC0783D4B}"
EndProject
Project("{9A19103F-16F7-4668-BE54-9A1E7A4F7556}") = "WebSolutionCoreFile.WebApi", "WebSolutionCoreFile.WebApi\WebSolutionCoreFile.WebApi.csproj", "{B534D400-B2E4-4890-8DE5-B0BA9F92212D}"
EndProject
Project("{2150E333-8FDC-42A3-9474-1A3956D46DE8}") = "1. Api Layer", "1. Api Layer", "{5C982604-BA77-44D2-9BE1-956ABB302F13}"
EndProject
Project("{2150E333-8FDC-42A3-9474-1A3956D46DE8}") = "2. Services Layer", "2. Services Layer", "{D5C2EA22-166F-46DD-BDEB-9CEF0DECB1DE}"
EndProject
Project("{2150E333-8FDC-42A3-9474-1A3956D46DE8}") = "3. Data Access Layer", "3. Data Access Layer", "{638CC95A-ACAA-472F-A616-9865BC68CEE3}"
EndProject
Project("{2150E333-8FDC-42A3-9474-1A3956D46DE8}") = "4. Test Layer", "4. Test Layer", "{AB4160DA-9999-4520-9F1E-46B8C947A67C}"
EndProject
Project("{9A19103F-16F7-4668-BE54-9A1E7A4F7556}") = "WebSolutionCoreFile.Tests", "WebSolutionCoreFile.Tests\WebSolutionCoreFile.Tests.csproj", "{8B36D632-2710-431B-BEBE-A2CAF82089ED}"
EndProject
Project("{2150E333-8FDC-42A3-9474-1A3956D46DE8}") = "5. Developer Tools", "5. Developer Tools", "{91BE3A8A-1092-47B6-B772-5F76856E84AA}"
EndProject
Global
	GlobalSection(SolutionConfigurationPlatforms) = preSolution
		Debug|Any CPU = Debug|Any CPU
		Debug|Exp = Debug|Exp
		Debug|x64 = Debug|x64
		Debug|x86 = Debug|x86
		Exp|Any CPU = Exp|Any CPU
		Exp|Exp = Exp|Exp
		Exp|x64 = Exp|x64
		Exp|x86 = Exp|x86
		Release|Any CPU = Release|Any CPU
		Release|Exp = Release|Exp
		Release|x64 = Release|x64
		Release|x86 = Release|x86
	EndGlobalSection
	GlobalSection(ProjectConfigurationPlatforms) = postSolution
		{C4B754FA-27D5-4225-821B-F813DEB1CF4D}.Debug|Any CPU.ActiveCfg = Debug|Any CPU
		{C4B754FA-27D5-4225-821B-F813DEB1CF4D}.Debug|Any CPU.Build.0 = Debug|Any CPU
		{C4B754FA-27D5-4225-821B-F813DEB1CF4D}.Debug|Exp.ActiveCfg = Debug|Any CPU
		{C4B754FA-27D5-4225-821B-F813DEB1CF4D}.Debug|Exp.Build.0 = Debug|Any CPU
		{C4B754FA-27D5-4225-821B-F813DEB1CF4D}.Debug|x64.ActiveCfg = Debug|Any CPU
		{C4B754FA-27D5-4225-821B-F813DEB1CF4D}.Debug|x64.Build.0 = Debug|Any CPU
		{C4B754FA-27D5-4225-821B-F813DEB1CF4D}.Debug|x86.ActiveCfg = Debug|Any CPU
		{C4B754FA-27D5-4225-821B-F813DEB1CF4D}.Debug|x86.Build.0 = Debug|Any CPU
		{C4B754FA-27D5-4225-821B-F813DEB1CF4D}.Exp|Any CPU.ActiveCfg = Release|Any CPU
		{C4B754FA-27D5-4225-821B-F813DEB1CF4D}.Exp|Any CPU.Build.0 = Release|Any CPU
		{C4B754FA-27D5-4225-821B-F813DEB1CF4D}.Exp|Exp.ActiveCfg = Release|Any CPU
		{C4B754FA-27D5-4225-821B-F813DEB1CF4D}.Exp|Exp.Build.0 = Release|Any CPU
		{C4B754FA-27D5-4225-821B-F813DEB1CF4D}.Exp|x64.ActiveCfg = Release|Any CPU
		{C4B754FA-27D5-4225-821B-F813DEB1CF4D}.Exp|x64.Build.0 = Release|Any CPU
		{C4B754FA-27D5-4225-821B-F813DEB1CF4D}.Exp|x86.ActiveCfg = Release|Any CPU
		{C4B754FA-27D5-4225-821B-F813DEB1CF4D}.Exp|x86.Build.0 = Release|Any CPU
		{C4B754FA-27D5-4225-821B-F813DEB1CF4D}.Release|Any CPU.ActiveCfg = Release|Any CPU
		{C4B754FA-27D5-4225-821B-F813DEB1CF4D}.Release|Any CPU.Build.0 = Release|Any CPU
		{C4B754FA-27D5-4225-821B-F813DEB1CF4D}.Release|Exp.ActiveCfg = Release|Any CPU
		{C4B754FA-27D5-4225-821B-F813DEB1CF4D}.Release|Exp.Build.0 = Release|Any CPU
		{C4B754FA-27D5-4225-821B-F813DEB1CF4D}.Release|x64.ActiveCfg = Release|Any CPU
		{C4B754FA-27D5-4225-821B-F813DEB1CF4D}.Release|x64.Build.0 = Release|Any CPU
		{C4B754FA-27D5-4225-821B-F813DEB1CF4D}.Release|x86.ActiveCfg = Release|Any CPU
		{C4B754FA-27D5-4225-821B-F813DEB1CF4D}.Release|x86.Build.0 = Release|Any CPU
		{DCB7DF1E-A815-4D59-990B-3DDB64C26163}.Debug|Any CPU.ActiveCfg = Debug|Any CPU
		{DCB7DF1E-A815-4D59-990B-3DDB64C26163}.Debug|Any CPU.Build.0 = Debug|Any CPU
		{DCB7DF1E-A815-4D59-990B-3DDB64C26163}.Debug|Exp.ActiveCfg = Debug|Any CPU
		{DCB7DF1E-A815-4D59-990B-3DDB64C26163}.Debug|Exp.Build.0 = Debug|Any CPU
		{DCB7DF1E-A815-4D59-990B-3DDB64C26163}.Debug|x64.ActiveCfg = Debug|Any CPU
		{DCB7DF1E-A815-4D59-990B-3DDB64C26163}.Debug|x64.Build.0 = Debug|Any CPU
		{DCB7DF1E-A815-4D59-990B-3DDB64C26163}.Debug|x86.ActiveCfg = Debug|Any CPU
		{DCB7DF1E-A815-4D59-990B-3DDB64C26163}.Debug|x86.Build.0 = Debug|Any CPU
		{DCB7DF1E-A815-4D59-990B-3DDB64C26163}.Exp|Any CPU.ActiveCfg = Release|Any CPU
		{DCB7DF1E-A815-4D59-990B-3DDB64C26163}.Exp|Any CPU.Build.0 = Release|Any CPU
		{DCB7DF1E-A815-4D59-990B-3DDB64C26163}.Exp|Exp.ActiveCfg = Release|Any CPU
		{DCB7DF1E-A815-4D59-990B-3DDB64C26163}.Exp|Exp.Build.0 = Release|Any CPU
		{DCB7DF1E-A815-4D59-990B-3DDB64C26163}.Exp|x64.ActiveCfg = Release|Any CPU
		{DCB7DF1E-A815-4D59-990B-3DDB64C26163}.Exp|x64.Build.0 = Release|Any CPU
		{DCB7DF1E-A815-4D59-990B-3DDB64C26163}.Exp|x86.ActiveCfg = Release|Any CPU
		{DCB7DF1E-A815-4D59-990B-3DDB64C26163}.Exp|x86.Build.0 = Release|Any CPU
		{DCB7DF1E-A815-4D59-990B-3DDB64C26163}.Release|Any CPU.ActiveCfg = Release|Any CPU
		{DCB7DF1E-A815-4D59-990B-3DDB64C26163}.Release|Any CPU.Build.0 = Release|Any CPU
		{DCB7DF1E-A815-4D59-990B-3DDB64C26163}.Release|Exp.ActiveCfg = Release|Any CPU
		{DCB7DF1E-A815-4D59-990B-3DDB64C26163}.Release|Exp.Build.0 = Release|Any CPU
		{DCB7DF1E-A815-4D59-990B-3DDB64C26163}.Release|x64.ActiveCfg = Release|Any CPU
		{DCB7DF1E-A815-4D59-990B-3DDB64C26163}.Release|x64.Build.0 = Release|Any CPU
		{DCB7DF1E-A815-4D59-990B-3DDB64C26163}.Release|x86.ActiveCfg = Release|Any CPU
		{DCB7DF1E-A815-4D59-990B-3DDB64C26163}.Release|x86.Build.0 = Release|Any CPU
		{4AC9523B-7FF8-44B8-BDD1-402F492EF481}.Debug|Any CPU.ActiveCfg = Debug|Any CPU
		{4AC9523B-7FF8-44B8-BDD1-402F492EF481}.Debug|Any CPU.Build.0 = Debug|Any CPU
		{4AC9523B-7FF8-44B8-BDD1-402F492EF481}.Debug|Exp.ActiveCfg = Debug|Any CPU
		{4AC9523B-7FF8-44B8-BDD1-402F492EF481}.Debug|Exp.Build.0 = Debug|Any CPU
		{4AC9523B-7FF8-44B8-BDD1-402F492EF481}.Debug|x64.ActiveCfg = Debug|Any CPU
		{4AC9523B-7FF8-44B8-BDD1-402F492EF481}.Debug|x64.Build.0 = Debug|Any CPU
		{4AC9523B-7FF8-44B8-BDD1-402F492EF481}.Debug|x86.ActiveCfg = Debug|Any CPU
		{4AC9523B-7FF8-44B8-BDD1-402F492EF481}.Debug|x86.Build.0 = Debug|Any CPU
		{4AC9523B-7FF8-44B8-BDD1-402F492EF481}.Exp|Any CPU.ActiveCfg = Release|Any CPU
		{4AC9523B-7FF8-44B8-BDD1-402F492EF481}.Exp|Any CPU.Build.0 = Release|Any CPU
		{4AC9523B-7FF8-44B8-BDD1-402F492EF481}.Exp|Exp.ActiveCfg = Release|Any CPU
		{4AC9523B-7FF8-44B8-BDD1-402F492EF481}.Exp|Exp.Build.0 = Release|Any CPU
		{4AC9523B-7FF8-44B8-BDD1-402F492EF481}.Exp|x64.ActiveCfg = Release|Any CPU
		{4AC9523B-7FF8-44B8-BDD1-402F492EF481}.Exp|x64.Build.0 = Release|Any CPU
		{4AC9523B-7FF8-44B8-BDD1-402F492EF481}.Exp|x86.ActiveCfg = Release|Any CPU
		{4AC9523B-7FF8-44B8-BDD1-402F492EF481}.Exp|x86.Build.0 = Release|Any CPU
		{4AC9523B-7FF8-44B8-BDD1-402F492EF481}.Release|Any CPU.ActiveCfg = Release|Any CPU
		{4AC9523B-7FF8-44B8-BDD1-402F492EF481}.Release|Any CPU.Build.0 = Release|Any CPU
		{4AC9523B-7FF8-44B8-BDD1-402F492EF481}.Release|Exp.ActiveCfg = Release|Any CPU
		{4AC9523B-7FF8-44B8-BDD1-402F492EF481}.Release|Exp.Build.0 = Release|Any CPU
		{4AC9523B-7FF8-44B8-BDD1-402F492EF481}.Release|x64.ActiveCfg = Release|Any CPU
		{4AC9523B-7FF8-44B8-BDD1-402F492EF481}.Release|x64.Build.0 = Release|Any CPU
		{4AC9523B-7FF8-44B8-BDD1-402F492EF481}.Release|x86.ActiveCfg = Release|Any CPU
		{4AC9523B-7FF8-44B8-BDD1-402F492EF481}.Release|x86.Build.0 = Release|Any CPU
		{501DF980-6A28-4A29-A456-CC8EC0783D4B}.Debug|Any CPU.ActiveCfg = Debug|Any CPU
		{501DF980-6A28-4A29-A456-CC8EC0783D4B}.Debug|Any CPU.Build.0 = Debug|Any CPU
		{501DF980-6A28-4A29-A456-CC8EC0783D4B}.Debug|Exp.ActiveCfg = Debug|Any CPU
		{501DF980-6A28-4A29-A456-CC8EC0783D4B}.Debug|Exp.Build.0 = Debug|Any CPU
		{501DF980-6A28-4A29-A456-CC8EC0783D4B}.Debug|x64.ActiveCfg = Debug|Any CPU
		{501DF980-6A28-4A29-A456-CC8EC0783D4B}.Debug|x64.Build.0 = Debug|Any CPU
		{501DF980-6A28-4A29-A456-CC8EC0783D4B}.Debug|x86.ActiveCfg = Debug|Any CPU
		{501DF980-6A28-4A29-A456-CC8EC0783D4B}.Debug|x86.Build.0 = Debug|Any CPU
		{501DF980-6A28-4A29-A456-CC8EC0783D4B}.Exp|Any CPU.ActiveCfg = Release|Any CPU
		{501DF980-6A28-4A29-A456-CC8EC0783D4B}.Exp|Any CPU.Build.0 = Release|Any CPU
		{501DF980-6A28-4A29-A456-CC8EC0783D4B}.Exp|Exp.ActiveCfg = Release|Any CPU
		{501DF980-6A28-4A29-A456-CC8EC0783D4B}.Exp|Exp.Build.0 = Release|Any CPU
		{501DF980-6A28-4A29-A456-CC8EC0783D4B}.Exp|x64.ActiveCfg = Release|Any CPU
		{501DF980-6A28-4A29-A456-CC8EC0783D4B}.Exp|x64.Build.0 = Release|Any CPU
		{501DF980-6A28-4A29-A456-CC8EC0783D4B}.Exp|x86.ActiveCfg = Release|Any CPU
		{501DF980-6A28-4A29-A456-CC8EC0783D4B}.Exp|x86.Build.0 = Release|Any CPU
		{501DF980-6A28-4A29-A456-CC8EC0783D4B}.Release|Any CPU.ActiveCfg = Release|Any CPU
		{501DF980-6A28-4A29-A456-CC8EC0783D4B}.Release|Any CPU.Build.0 = Release|Any CPU
		{501DF980-6A28-4A29-A456-CC8EC0783D4B}.Release|Exp.ActiveCfg = Release|Any CPU
		{501DF980-6A28-4A29-A456-CC8EC0783D4B}.Release|Exp.Build.0 = Release|Any CPU
		{501DF980-6A28-4A29-A456-CC8EC0783D4B}.Release|x64.ActiveCfg = Release|Any CPU
		{501DF980-6A28-4A29-A456-CC8EC0783D4B}.Release|x64.Build.0 = Release|Any CPU
		{501DF980-6A28-4A29-A456-CC8EC0783D4B}.Release|x86.ActiveCfg = Release|Any CPU
		{501DF980-6A28-4A29-A456-CC8EC0783D4B}.Release|x86.Build.0 = Release|Any CPU
		{B534D400-B2E4-4890-8DE5-B0BA9F92212D}.Debug|Any CPU.ActiveCfg = Debug|Any CPU
		{B534D400-B2E4-4890-8DE5-B0BA9F92212D}.Debug|Any CPU.Build.0 = Debug|Any CPU
		{B534D400-B2E4-4890-8DE5-B0BA9F92212D}.Debug|Exp.ActiveCfg = Debug|Any CPU
		{B534D400-B2E4-4890-8DE5-B0BA9F92212D}.Debug|Exp.Build.0 = Debug|Any CPU
		{B534D400-B2E4-4890-8DE5-B0BA9F92212D}.Debug|x64.ActiveCfg = Debug|Any CPU
		{B534D400-B2E4-4890-8DE5-B0BA9F92212D}.Debug|x64.Build.0 = Debug|Any CPU
		{B534D400-B2E4-4890-8DE5-B0BA9F92212D}.Debug|x86.ActiveCfg = Debug|Any CPU
		{B534D400-B2E4-4890-8DE5-B0BA9F92212D}.Debug|x86.Build.0 = Debug|Any CPU
		{B534D400-B2E4-4890-8DE5-B0BA9F92212D}.Exp|Any CPU.ActiveCfg = Release|Any CPU
		{B534D400-B2E4-4890-8DE5-B0BA9F92212D}.Exp|Any CPU.Build.0 = Release|Any CPU
		{B534D400-B2E4-4890-8DE5-B0BA9F92212D}.Exp|Exp.ActiveCfg = Release|Any CPU
		{B534D400-B2E4-4890-8DE5-B0BA9F92212D}.Exp|Exp.Build.0 = Release|Any CPU
		{B534D400-B2E4-4890-8DE5-B0BA9F92212D}.Exp|x64.ActiveCfg = Release|Any CPU
		{B534D400-B2E4-4890-8DE5-B0BA9F92212D}.Exp|x64.Build.0 = Release|Any CPU
		{B534D400-B2E4-4890-8DE5-B0BA9F92212D}.Exp|x86.ActiveCfg = Release|Any CPU
		{B534D400-B2E4-4890-8DE5-B0BA9F92212D}.Exp|x86.Build.0 = Release|Any CPU
		{B534D400-B2E4-4890-8DE5-B0BA9F92212D}.Release|Any CPU.ActiveCfg = Release|Any CPU
		{B534D400-B2E4-4890-8DE5-B0BA9F92212D}.Release|Any CPU.Build.0 = Release|Any CPU
		{B534D400-B2E4-4890-8DE5-B0BA9F92212D}.Release|Exp.ActiveCfg = Release|Any CPU
		{B534D400-B2E4-4890-8DE5-B0BA9F92212D}.Release|Exp.Build.0 = Release|Any CPU
		{B534D400-B2E4-4890-8DE5-B0BA9F92212D}.Release|x64.ActiveCfg = Release|Any CPU
		{B534D400-B2E4-4890-8DE5-B0BA9F92212D}.Release|x64.Build.0 = Release|Any CPU
		{B534D400-B2E4-4890-8DE5-B0BA9F92212D}.Release|x86.ActiveCfg = Release|Any CPU
		{B534D400-B2E4-4890-8DE5-B0BA9F92212D}.Release|x86.Build.0 = Release|Any CPU
		{8B36D632-2710-431B-BEBE-A2CAF82089ED}.Debug|Any CPU.ActiveCfg = Debug|Any CPU
		{8B36D632-2710-431B-BEBE-A2CAF82089ED}.Debug|Any CPU.Build.0 = Debug|Any CPU
		{8B36D632-2710-431B-BEBE-A2CAF82089ED}.Debug|Exp.ActiveCfg = Debug|Any CPU
		{8B36D632-2710-431B-BEBE-A2CAF82089ED}.Debug|Exp.Build.0 = Debug|Any CPU
		{8B36D632-2710-431B-BEBE-A2CAF82089ED}.Debug|x64.ActiveCfg = Debug|Any CPU
		{8B36D632-2710-431B-BEBE-A2CAF82089ED}.Debug|x64.Build.0 = Debug|Any CPU
		{8B36D632-2710-431B-BEBE-A2CAF82089ED}.Debug|x86.ActiveCfg = Debug|Any CPU
		{8B36D632-2710-431B-BEBE-A2CAF82089ED}.Debug|x86.Build.0 = Debug|Any CPU
		{8B36D632-2710-431B-BEBE-A2CAF82089ED}.Exp|Any CPU.ActiveCfg = Release|Any CPU
		{8B36D632-2710-431B-BEBE-A2CAF82089ED}.Exp|Any CPU.Build.0 = Release|Any CPU
		{8B36D632-2710-431B-BEBE-A2CAF82089ED}.Exp|Exp.ActiveCfg = Release|Any CPU
		{8B36D632-2710-431B-BEBE-A2CAF82089ED}.Exp|Exp.Build.0 = Release|Any CPU
		{8B36D632-2710-431B-BEBE-A2CAF82089ED}.Exp|x64.ActiveCfg = Release|Any CPU
		{8B36D632-2710-431B-BEBE-A2CAF82089ED}.Exp|x64.Build.0 = Release|Any CPU
		{8B36D632-2710-431B-BEBE-A2CAF82089ED}.Exp|x86.ActiveCfg = Release|Any CPU
		{8B36D632-2710-431B-BEBE-A2CAF82089ED}.Exp|x86.Build.0 = Release|Any CPU
		{8B36D632-2710-431B-BEBE-A2CAF82089ED}.Release|Any CPU.ActiveCfg = Release|Any CPU
		{8B36D632-2710-431B-BEBE-A2CAF82089ED}.Release|Any CPU.Build.0 = Release|Any CPU
		{8B36D632-2710-431B-BEBE-A2CAF82089ED}.Release|Exp.ActiveCfg = Release|Any CPU
		{8B36D632-2710-431B-BEBE-A2CAF82089ED}.Release|Exp.Build.0 = Release|Any CPU
		{8B36D632-2710-431B-BEBE-A2CAF82089ED}.Release|x64.ActiveCfg = Release|Any CPU
		{8B36D632-2710-431B-BEBE-A2CAF82089ED}.Release|x64.Build.0 = Release|Any CPU
		{8B36D632-2710-431B-BEBE-A2CAF82089ED}.Release|x86.ActiveCfg = Release|Any CPU
		{8B36D632-2710-431B-BEBE-A2CAF82089ED}.Release|x86.Build.0 = Release|Any CPU
	EndGlobalSection
	GlobalSection(SolutionProperties) = preSolution
		HideSolutionNode = FALSE
	EndGlobalSection
	GlobalSection(NestedProjects) = preSolution
		{C4B754FA-27D5-4225-821B-F813DEB1CF4D} = {91BE3A8A-1092-47B6-B772-5F76856E84AA}
		{DCB7DF1E-A815-4D59-990B-3DDB64C26163} = {638CC95A-ACAA-472F-A616-9865BC68CEE3}
		{4AC9523B-7FF8-44B8-BDD1-402F492EF481} = {D5C2EA22-166F-46DD-BDEB-9CEF0DECB1DE}
		{501DF980-6A28-4A29-A456-CC8EC0783D4B} = {D5C2EA22-166F-46DD-BDEB-9CEF0DECB1DE}
		{B534D400-B2E4-4890-8DE5-B0BA9F92212D} = {5C982604-BA77-44D2-9BE1-956ABB302F13}
		{8B36D632-2710-431B-BEBE-A2CAF82089ED} = {AB4160DA-9999-4520-9F1E-46B8C947A67C}
	EndGlobalSection
	GlobalSection(ExtensibilityGlobals) = postSolution
		SolutionGuid = {A7A4EA60-E5A2-40D5-9E8D-0AB28E23A115}
	EndGlobalSection
EndGlobal
